
Microsoft Visual Studio Solution File, Format Version 12.00
# Visual Studio 2012
Project("{FAE04EC0-301F-11D3-BF4B-00C04F79EFBC}") = "General", "General\General.csproj", "{68CC8FDC-68AB-4F35-8564-59989C0E423C}"
EndProject
Project("{FAE04EC0-301F-11D3-BF4B-00C04F79EFBC}") = "Ctrl", "Ctrl\Ctrl.csproj", "{00B7F2EB-EB7B-4201-933D-B6F8ED9CC753}"
EndProject
Project("{FAE04EC0-301F-11D3-BF4B-00C04F79EFBC}") = "ExamCtrl", "ExamCtrl\ExamCtrl.csproj", "{30BC4452-491F-4E67-8F1B-167754FDA2B2}"
EndProject
Project("{FAE04EC0-301F-11D3-BF4B-00C04F79EFBC}") = "Editor", "Editor\Editor.csproj", "{BDD0FF82-C6E0-466B-A6B9-63B578E3477F}"
EndProject
Project("{FAE04EC0-301F-11D3-BF4B-00C04F79EFBC}") = "SHCD", "SHCD\SHCD.csproj", "{532D9F6B-5350-4C7F-8EC9-9FA997D1C335}"
EndProject
Project("{FAE04EC0-301F-11D3-BF4B-00C04F79EFBC}") = "Updater", "Updater\Updater.csproj", "{E6422A1A-7F54-4864-88E3-10908C387DD5}"
EndProject
Project("{FAE04EC0-301F-11D3-BF4B-00C04F79EFBC}") = "KeyGen", "KeyGen\KeyGen.csproj", "{15824834-310B-48E7-B67E-F8938AEF60DC}"
EndProject
Global
	GlobalSection(SolutionConfigurationPlatforms) = preSolution
		Debug|x86 = Debug|x86
		Release|x86 = Release|x86
	EndGlobalSection
	GlobalSection(ProjectConfigurationPlatforms) = postSolution
		{00B7F2EB-EB7B-4201-933D-B6F8ED9CC753}.Debug|x86.ActiveCfg = Debug|Any CPU
		{00B7F2EB-EB7B-4201-933D-B6F8ED9CC753}.Debug|x86.Build.0 = Debug|Any CPU
		{00B7F2EB-EB7B-4201-933D-B6F8ED9CC753}.Release|x86.ActiveCfg = Release|Any CPU
		{00B7F2EB-EB7B-4201-933D-B6F8ED9CC753}.Release|x86.Build.0 = Release|Any CPU
		{15824834-310B-48E7-B67E-F8938AEF60DC}.Debug|x86.ActiveCfg = Debug|x86
		{15824834-310B-48E7-B67E-F8938AEF60DC}.Debug|x86.Build.0 = Debug|x86
		{15824834-310B-48E7-B67E-F8938AEF60DC}.Release|x86.ActiveCfg = Release|x86
		{15824834-310B-48E7-B67E-F8938AEF60DC}.Release|x86.Build.0 = Release|x86
		{30BC4452-491F-4E67-8F1B-167754FDA2B2}.Debug|x86.ActiveCfg = Debug|Any CPU
		{30BC4452-491F-4E67-8F1B-167754FDA2B2}.Debug|x86.Build.0 = Debug|Any CPU
		{30BC4452-491F-4E67-8F1B-167754FDA2B2}.Release|x86.ActiveCfg = Release|Any CPU
		{30BC4452-491F-4E67-8F1B-167754FDA2B2}.Release|x86.Build.0 = Release|Any CPU
		{532D9F6B-5350-4C7F-8EC9-9FA997D1C335}.Debug|x86.ActiveCfg = Debug|x86
		{532D9F6B-5350-4C7F-8EC9-9FA997D1C335}.Debug|x86.Build.0 = Debug|x86
		{532D9F6B-5350-4C7F-8EC9-9FA997D1C335}.Release|x86.ActiveCfg = Release|x86
		{532D9F6B-5350-4C7F-8EC9-9FA997D1C335}.Release|x86.Build.0 = Release|x86
		{68CC8FDC-68AB-4F35-8564-59989C0E423C}.Debug|x86.ActiveCfg = Debug|x86
		{68CC8FDC-68AB-4F35-8564-59989C0E423C}.Debug|x86.Build.0 = Debug|x86
		{68CC8FDC-68AB-4F35-8564-59989C0E423C}.Release|x86.ActiveCfg = Release|x86
		{68CC8FDC-68AB-4F35-8564-59989C0E423C}.Release|x86.Build.0 = Release|x86
		{BDD0FF82-C6E0-466B-A6B9-63B578E3477F}.Debug|x86.ActiveCfg = Debug|Any CPU
		{BDD0FF82-C6E0-466B-A6B9-63B578E3477F}.Debug|x86.Build.0 = Debug|Any CPU
		{BDD0FF82-C6E0-466B-A6B9-63B578E3477F}.Release|x86.ActiveCfg = Release|Any CPU
		{BDD0FF82-C6E0-466B-A6B9-63B578E3477F}.Release|x86.Build.0 = Release|Any CPU
		{E6422A1A-7F54-4864-88E3-10908C387DD5}.Debug|x86.ActiveCfg = Debug|x86
		{E6422A1A-7F54-4864-88E3-10908C387DD5}.Debug|x86.Build.0 = Debug|x86
		{E6422A1A-7F54-4864-88E3-10908C387DD5}.Release|x86.ActiveCfg = Release|x86
		{E6422A1A-7F54-4864-88E3-10908C387DD5}.Release|x86.Build.0 = Release|x86
		{2B82967C-E333-49AF-A721-DAACE6BAD051}.Debug|x86.ActiveCfg = Debug|x86
		{2B82967C-E333-49AF-A721-DAACE6BAD051}.Debug|x86.Build.0 = Debug|x86
		{2B82967C-E333-49AF-A721-DAACE6BAD051}.Release|x86.ActiveCfg = Release|x86
		{2B82967C-E333-49AF-A721-DAACE6BAD051}.Release|x86.Build.0 = Release|x86
		{495B9F54-870A-4541-8CC6-9B94F4BB7ECE}.Debug|x86.ActiveCfg = Debug|x86
		{495B9F54-870A-4541-8CC6-9B94F4BB7ECE}.Debug|x86.Build.0 = Debug|x86
		{495B9F54-870A-4541-8CC6-9B94F4BB7ECE}.Release|x86.ActiveCfg = Release|x86
		{495B9F54-870A-4541-8CC6-9B94F4BB7ECE}.Release|x86.Build.0 = Release|x86
		{56411B62-7FC9-4F76-AF65-3BF856EB66BF}.Debug|x86.ActiveCfg = Debug|x86
		{56411B62-7FC9-4F76-AF65-3BF856EB66BF}.Debug|x86.Build.0 = Debug|x86
		{56411B62-7FC9-4F76-AF65-3BF856EB66BF}.Release|x86.ActiveCfg = Release|x86
		{56411B62-7FC9-4F76-AF65-3BF856EB66BF}.Release|x86.Build.0 = Release|x86
		{5A250F4E-9E87-485C-B64E-704FBD4D3934}.Debug|x86.ActiveCfg = Debug|x86
		{5A250F4E-9E87-485C-B64E-704FBD4D3934}.Debug|x86.Build.0 = Debug|x86
		{5A250F4E-9E87-485C-B64E-704FBD4D3934}.Release|x86.ActiveCfg = Release|x86
		{5A250F4E-9E87-485C-B64E-704FBD4D3934}.Release|x86.Build.0 = Release|x86
		{A48CAC9C-48A4-42E1-8F3F-FA018DAEB7C1}.Debug|x86.ActiveCfg = Debug|x86
		{A48CAC9C-48A4-42E1-8F3F-FA018DAEB7C1}.Debug|x86.Build.0 = Debug|x86
		{A48CAC9C-48A4-42E1-8F3F-FA018DAEB7C1}.Release|x86.ActiveCfg = Release|x86
		{A48CAC9C-48A4-42E1-8F3F-FA018DAEB7C1}.Release|x86.Build.0 = Release|x86
	EndGlobalSection
	GlobalSection(MonoDevelopProperties) = preSolution
		StartupItem = General\General.csproj
		Policies = $0
		$0.TextStylePolicy = $1
		$1.FileWidth = 120
		$1.TabsToSpaces = False
		$1.EolMarker = Windows
		$1.inheritsSet = VisualStudio
		$1.inheritsScope = text/plain
		$1.scope = text/x-csharp
		$0.CSharpFormattingPolicy = $2
		$2.AfterDelegateDeclarationParameterComma = True
		$2.inheritsSet = Mono
		$2.inheritsScope = text/x-csharp
		$2.scope = text/x-csharp
		$0.TextStylePolicy = $3
		$3.FileWidth = 120
		$3.TabsToSpaces = False
		$3.EolMarker = Windows
		$3.inheritsSet = VisualStudio
		$3.inheritsScope = text/plain
		$3.scope = text/plain
		$0.StandardHeader = $4
		$4.Text = 
		$4.IncludeInNewFiles = True
		$0.NameConventionPolicy = $5
		$5.Rules = $6
		$6.NamingRule = $7
		$7.Name = Namespaces
		$7.AffectedEntity = Namespace
		$7.VisibilityMask = VisibilityMask
		$7.NamingStyle = PascalCase
		$7.IncludeInstanceMembers = True
		$7.IncludeStaticEntities = True
		$6.NamingRule = $8
		$8.Name = Types
		$8.AffectedEntity = Class, Struct, Enum, Delegate
		$8.VisibilityMask = Public
		$8.NamingStyle = PascalCase
		$8.IncludeInstanceMembers = True
		$8.IncludeStaticEntities = True
		$6.NamingRule = $9
		$9.Name = Interfaces
		$9.RequiredPrefixes = $10
		$10.String = I
		$9.AffectedEntity = Interface
		$9.VisibilityMask = Public
		$9.NamingStyle = PascalCase
		$9.IncludeInstanceMembers = True
		$9.IncludeStaticEntities = True
		$6.NamingRule = $11
		$11.Name = Attributes
		$11.RequiredSuffixes = $12
		$12.String = Attribute
		$11.AffectedEntity = CustomAttributes
		$11.VisibilityMask = Public
		$11.NamingStyle = PascalCase
		$11.IncludeInstanceMembers = True
		$11.IncludeStaticEntities = True
		$6.NamingRule = $13
		$13.Name = Event Arguments
		$13.RequiredSuffixes = $14
		$14.String = EventArgs
		$13.AffectedEntity = CustomEventArgs
		$13.VisibilityMask = Public
		$13.NamingStyle = PascalCase
		$13.IncludeInstanceMembers = True
		$13.IncludeStaticEntities = True
		$6.NamingRule = $15
		$15.Name = Exceptions
		$15.RequiredSuffixes = $16
		$16.String = Exception
		$15.AffectedEntity = CustomExceptions
		$15.VisibilityMask = VisibilityMask
		$15.NamingStyle = PascalCase
		$15.IncludeInstanceMembers = True
		$15.IncludeStaticEntities = True
		$6.NamingRule = $17
		$17.Name = Methods
		$17.AffectedEntity = Methods
		$17.VisibilityMask = Protected, Public
		$17.NamingStyle = PascalCase
		$17.IncludeInstanceMembers = True
		$17.IncludeStaticEntities = True
		$6.NamingRule = $18
		$18.Name = Static Readonly Fields
		$18.AffectedEntity = ReadonlyField
		$18.VisibilityMask = Protected, Public
		$18.NamingStyle = PascalCase
		$18.IncludeInstanceMembers = False
		$18.IncludeStaticEntities = True
		$6.NamingRule = $19
		$19.Name = Fields
		$19.AffectedEntity = Field
		$19.VisibilityMask = Protected, Public
		$19.NamingStyle = PascalCase
		$19.IncludeInstanceMembers = True
		$19.IncludeStaticEntities = True
		$6.NamingRule = $20
		$20.Name = ReadOnly Fields
		$20.AffectedEntity = ReadonlyField
		$20.VisibilityMask = Protected, Public
		$20.NamingStyle = PascalCase
		$20.IncludeInstanceMembers = True
		$20.IncludeStaticEntities = False
		$6.NamingRule = $21
		$21.Name = Constant Fields
		$21.AffectedEntity = ConstantField
		$21.VisibilityMask = Protected, Public
		$21.NamingStyle = PascalCase
		$21.IncludeInstanceMembers = True
		$21.IncludeStaticEntities = True
		$6.NamingRule = $22
		$22.Name = Properties
		$22.AffectedEntity = Property
		$22.VisibilityMask = Protected, Public
		$22.NamingStyle = PascalCase
		$22.IncludeInstanceMembers = True
		$22.IncludeStaticEntities = True
		$6.NamingRule = $23
		$23.Name = Events
		$23.AffectedEntity = Event
		$23.VisibilityMask = Protected, Public
		$23.NamingStyle = PascalCase
		$23.IncludeInstanceMembers = True
		$23.IncludeStaticEntities = True
		$6.NamingRule = $24
		$24.Name = Enum Members
		$24.AffectedEntity = EnumMember
		$24.VisibilityMask = VisibilityMask
		$24.NamingStyle = PascalCase
		$24.IncludeInstanceMembers = True
		$24.IncludeStaticEntities = True
		$6.NamingRule = $25
		$25.Name = Parameters
		$25.AffectedEntity = Parameter
		$25.VisibilityMask = VisibilityMask
		$25.NamingStyle = CamelCase
		$25.IncludeInstanceMembers = True
		$25.IncludeStaticEntities = True
		$6.NamingRule = $26
		$26.Name = Type Parameters
		$26.RequiredPrefixes = $27
		$27.String = T
		$26.AffectedEntity = TypeParameter
		$26.VisibilityMask = VisibilityMask
		$26.NamingStyle = PascalCase
		$26.IncludeInstanceMembers = True
		$26.IncludeStaticEntities = True
		$0.VersionControlPolicy = $28
		$28.CommitMessageStyle = $29
		$29.FileSeparator = ", "
		$29.LastFilePostfix = "@:\n  "
		$29.IncludeDirectoryPaths = True
		$28.inheritsSet = Mono
		$0.DotNetNamingPolicy = $30
		$30.DirectoryNamespaceAssociation = PrefixedHierarchical
		$30.ResourceNamePolicy = FileName
		$0.TextStylePolicy = $31
		$31.FileWidth = 120
		$31.IndentWidth = 2
		$31.EolMarker = Windows
		$31.inheritsSet = VisualStudio
		$31.inheritsScope = text/plain
		$31.scope = application/csproject+xml
		$0.XmlFormattingPolicy = $32
		$32.inheritsSet = null
		$32.scope = application/csproject+xml
		$0.TextStylePolicy = $33
		$33.FileWidth = 120
		$33.IndentWidth = 2
		$33.EolMarker = Windows
		$33.inheritsSet = VisualStudio
		$33.inheritsScope = text/plain
		$33.scope = application/xml
		$0.XmlFormattingPolicy = $34
		$34.inheritsSet = Mono
		$34.inheritsScope = application/xml
		$34.scope = application/xml
		outputpath = .
	EndGlobalSection
EndGlobal
